
Microsoft Visual Studio Solution File, Format Version 12.00
# Visual Studio 15
VisualStudioVersion = 15.0.28307.106
MinimumVisualStudioVersion = 10.0.40219.1
Project("{FAE04EC0-301F-11D3-BF4B-00C04F79EFBC}") = "UpDownMonitor", "UpDownMonitor\UpDownMonitor.csproj", "{CBCCA07C-A505-43E9-B1FA-1FDC4549E658}"
EndProject
Global
	GlobalSection(SolutionConfigurationPlatforms) = preSolution
		Debug|Any CPU = Debug|Any CPU
		Release|Any CPU = Release|Any CPU
	EndGlobalSection
	GlobalSection(ProjectConfigurationPlatforms) = postSolution
		{CBCCA07C-A505-43E9-B1FA-1FDC4549E658}.Debug|Any CPU.ActiveCfg = Debug|Any CPU
		{CBCCA07C-A505-43E9-B1FA-1FDC4549E658}.Debug|Any CPU.Build.0 = Debug|Any CPU
		{CBCCA07C-A505-43E9-B1FA-1FDC4549E658}.Release|Any CPU.ActiveCfg = Release|Any CPU
		{CBCCA07C-A505-43E9-B1FA-1FDC4549E658}.Release|Any CPU.Build.0 = Release|Any CPU
	EndGlobalSection
	GlobalSection(SolutionProperties) = preSolution
		HideSolutionNode = FALSE
	EndGlobalSection
	GlobalSection(ExtensibilityGlobals) = postSolution
		SolutionGuid = {A7C46573-E9ED-4732-84A3-AAF842C4A1F4}
	EndGlobalSection
EndGlobal
